
Microsoft Visual Studio Solution File, Format Version 12.00
# Visual Studio Version 17
VisualStudioVersion = 17.0.31903.59
MinimumVisualStudioVersion = 10.0.40219.1
Project("{2150E333-8FDC-42A3-9474-1A3956D46DE8}") = "sienar", "sienar", "{BD58A0B2-0F5A-40C4-A8CD-EDEA9F356CA5}"
EndProject
Project("{2150E333-8FDC-42A3-9474-1A3956D46DE8}") = "src", "src", "{BA815BAC-DB9B-486E-8A12-ABA1222B35AD}"
EndProject
Project("{FAE04EC0-301F-11D3-BF4B-00C04F79EFBC}") = "Sienar.Plugin.Cms.Core", "plugins\cms\src\Sienar.Plugin.Cms.Core\Sienar.Plugin.Cms.Core.csproj", "{027041A4-8C6F-4F12-AA3E-BCE5FCA4540C}"
EndProject
Project("{FAE04EC0-301F-11D3-BF4B-00C04F79EFBC}") = "Sienar.MauiPlugin", "sienar\src\Sienar.MauiPlugin\Sienar.MauiPlugin.csproj", "{3E7EC1A6-EBD6-45FE-B491-923BF114E709}"
EndProject
Project("{FAE04EC0-301F-11D3-BF4B-00C04F79EFBC}") = "Sienar.SqliteUtils", "sienar\src\Sienar.SqliteUtils\Sienar.SqliteUtils.csproj", "{F483E6CE-D036-4D6A-A1DF-BC2D1D7564D0}"
EndProject
Project("{FAE04EC0-301F-11D3-BF4B-00C04F79EFBC}") = "Sienar.UI", "sienar\src\Sienar.UI\Sienar.UI.csproj", "{7F70E81A-8493-4509-93C4-1E8FE79B4634}"
EndProject
Project("{FAE04EC0-301F-11D3-BF4B-00C04F79EFBC}") = "Sienar.Utils", "sienar\src\Sienar.Utils\Sienar.Utils.csproj", "{BAA5FAFB-CB4D-4CCF-833A-362CBC13F7B2}"
EndProject
Project("{FAE04EC0-301F-11D3-BF4B-00C04F79EFBC}") = "Sienar.WebPlugin", "sienar\src\Sienar.WebPlugin\Sienar.WebPlugin.csproj", "{39E1A180-E118-450C-B1D1-5CF8D18D1F04}"
EndProject
Project("{2150E333-8FDC-42A3-9474-1A3956D46DE8}") = "plugins", "plugins", "{A8650AE2-2E57-4B41-A545-5BF32CEFACA8}"
EndProject
Project("{2150E333-8FDC-42A3-9474-1A3956D46DE8}") = "cms", "cms", "{D25B7AEA-6097-4EA4-A3F5-37D524BBAF32}"
EndProject
Project("{2150E333-8FDC-42A3-9474-1A3956D46DE8}") = "src", "src", "{D4A67C29-8A4F-446A-8B88-3306EE1D1AAD}"
EndProject
Project("{FAE04EC0-301F-11D3-BF4B-00C04F79EFBC}") = "Sienar.Plugin.Cms.Blazor", "plugins\cms\src\Sienar.Plugin.Cms.Blazor\Sienar.Plugin.Cms.Blazor.csproj", "{527E9AEB-B3C9-41A1-8B62-3084E30C4F3B}"
EndProject
Project("{2150E333-8FDC-42A3-9474-1A3956D46DE8}") = "mailkit", "mailkit", "{2FFE0DE9-5115-43BB-B6F2-6BA4670E892B}"
EndProject
Project("{2150E333-8FDC-42A3-9474-1A3956D46DE8}") = "src", "src", "{09372615-718E-4F1D-B5D0-8F56194811B1}"
EndProject
Project("{FAE04EC0-301F-11D3-BF4B-00C04F79EFBC}") = "Sienar.Plugin.MailKit", "plugins\mailkit\src\Sienar.Plugin.MailKit\Sienar.Plugin.MailKit.csproj", "{CA153406-BDBF-4F58-B640-E781FCF6E393}"
EndProject
Project("{2150E333-8FDC-42A3-9474-1A3956D46DE8}") = "maui-app", "maui-app", "{088522E0-8B04-4211-A8AE-8FD1CBC6689D}"
EndProject
Project("{2150E333-8FDC-42A3-9474-1A3956D46DE8}") = "src", "src", "{1ED4215B-DFEB-48C2-A8F5-E07AAD657614}"
EndProject
Project("{FAE04EC0-301F-11D3-BF4B-00C04F79EFBC}") = "Sienar.Plugin.MauiApp", "plugins\maui-app\src\Sienar.Plugin.MauiApp\Sienar.Plugin.MauiApp.csproj", "{64B23E19-B7EE-40E9-ABE3-8A1AE67E6D03}"
EndProject
Project("{2150E333-8FDC-42A3-9474-1A3956D46DE8}") = "playground", "playground", "{9D383232-54C6-416C-B9EA-D59EAE332638}"
EndProject
Project("{FAE04EC0-301F-11D3-BF4B-00C04F79EFBC}") = "TestProject.Web", "playground\TestProject.Web\TestProject.Web.csproj", "{A81BD132-EA41-4364-8DCD-8287FA326B4C}"
EndProject
Project("{FAE04EC0-301F-11D3-BF4B-00C04F79EFBC}") = "TestProject.Maui", "playground\TestProject.Maui\TestProject.Maui.csproj", "{88AEBF1D-296B-417D-B1F5-AE1404DBDFF0}"
EndProject
Project("{FAE04EC0-301F-11D3-BF4B-00C04F79EFBC}") = "Sienar.Plugin.Cms.DevMode", "plugins\cms\src\Sienar.Plugin.Cms.DevMode\Sienar.Plugin.Cms.DevMode.csproj", "{527E527C-7D0A-4ACD-8090-A25406E30B03}"
EndProject
Project("{2150E333-8FDC-42A3-9474-1A3956D46DE8}") = "tests", "tests", "{7BED0448-7282-4186-BEA8-82F7F0563299}"
EndProject
Project("{FAE04EC0-301F-11D3-BF4B-00C04F79EFBC}") = "Sienar.Utils.Tests", "sienar\tests\Sienar.Utils.Tests\Sienar.Utils.Tests.csproj", "{4C461BA2-0997-45C8-B7FA-EA42DBC4D957}"
EndProject
Project("{2150E333-8FDC-42A3-9474-1A3956D46DE8}") = "architecture", "architecture", "{A4CA6B24-EC90-4B56-AA55-2CB4FDBB50B2}"
EndProject
Project("{2150E333-8FDC-42A3-9474-1A3956D46DE8}") = "src", "src", "{570D2E86-9C56-4C1D-B2B1-EEE90344B279}"
EndProject
Project("{FAE04EC0-301F-11D3-BF4B-00C04F79EFBC}") = "Sienar.Plugin.Architecture.Blazor", "plugins\architecture\src\Sienar.Plugin.Architecture.Blazor\Sienar.Plugin.Architecture.Blazor.csproj", "{0E43D725-E9B8-4D5C-A483-A159A52F3432}"
EndProject
Project("{FAE04EC0-301F-11D3-BF4B-00C04F79EFBC}") = "Sienar.Plugin.Architecture.Rest", "plugins\architecture\src\Sienar.Plugin.Architecture.Rest\Sienar.Plugin.Architecture.Rest.csproj", "{B00991EC-27EB-4EFD-8657-2E1C1633761B}"
EndProject
Project("{FAE04EC0-301F-11D3-BF4B-00C04F79EFBC}") = "TestProject.Rest", "playground\TestProject.Rest\TestProject.Rest.csproj", "{E427D7A7-F453-47B5-B55B-317CB41CD504}"
EndProject
Project("{FAE04EC0-301F-11D3-BF4B-00C04F79EFBC}") = "Sevita.Tools", "playground\Sevita.Tools\Sevita.Tools.csproj", "{1666DDF5-592C-41FF-BD06-8B99D2606FD1}"
EndProject
Global
	GlobalSection(SolutionConfigurationPlatforms) = preSolution
		Debug|Any CPU = Debug|Any CPU
		Release|Any CPU = Release|Any CPU
	EndGlobalSection
	GlobalSection(SolutionProperties) = preSolution
		HideSolutionNode = FALSE
	EndGlobalSection
	GlobalSection(ProjectConfigurationPlatforms) = postSolution
		{027041A4-8C6F-4F12-AA3E-BCE5FCA4540C}.Debug|Any CPU.ActiveCfg = Debug|Any CPU
		{027041A4-8C6F-4F12-AA3E-BCE5FCA4540C}.Debug|Any CPU.Build.0 = Debug|Any CPU
		{027041A4-8C6F-4F12-AA3E-BCE5FCA4540C}.Release|Any CPU.ActiveCfg = Release|Any CPU
		{027041A4-8C6F-4F12-AA3E-BCE5FCA4540C}.Release|Any CPU.Build.0 = Release|Any CPU
		{3E7EC1A6-EBD6-45FE-B491-923BF114E709}.Debug|Any CPU.ActiveCfg = Debug|Any CPU
		{3E7EC1A6-EBD6-45FE-B491-923BF114E709}.Debug|Any CPU.Build.0 = Debug|Any CPU
		{3E7EC1A6-EBD6-45FE-B491-923BF114E709}.Release|Any CPU.ActiveCfg = Release|Any CPU
		{3E7EC1A6-EBD6-45FE-B491-923BF114E709}.Release|Any CPU.Build.0 = Release|Any CPU
		{F483E6CE-D036-4D6A-A1DF-BC2D1D7564D0}.Debug|Any CPU.ActiveCfg = Debug|Any CPU
		{F483E6CE-D036-4D6A-A1DF-BC2D1D7564D0}.Debug|Any CPU.Build.0 = Debug|Any CPU
		{F483E6CE-D036-4D6A-A1DF-BC2D1D7564D0}.Release|Any CPU.ActiveCfg = Release|Any CPU
		{F483E6CE-D036-4D6A-A1DF-BC2D1D7564D0}.Release|Any CPU.Build.0 = Release|Any CPU
		{7F70E81A-8493-4509-93C4-1E8FE79B4634}.Debug|Any CPU.ActiveCfg = Debug|Any CPU
		{7F70E81A-8493-4509-93C4-1E8FE79B4634}.Debug|Any CPU.Build.0 = Debug|Any CPU
		{7F70E81A-8493-4509-93C4-1E8FE79B4634}.Release|Any CPU.ActiveCfg = Release|Any CPU
		{7F70E81A-8493-4509-93C4-1E8FE79B4634}.Release|Any CPU.Build.0 = Release|Any CPU
		{BAA5FAFB-CB4D-4CCF-833A-362CBC13F7B2}.Debug|Any CPU.ActiveCfg = Debug|Any CPU
		{BAA5FAFB-CB4D-4CCF-833A-362CBC13F7B2}.Debug|Any CPU.Build.0 = Debug|Any CPU
		{BAA5FAFB-CB4D-4CCF-833A-362CBC13F7B2}.Release|Any CPU.ActiveCfg = Release|Any CPU
		{BAA5FAFB-CB4D-4CCF-833A-362CBC13F7B2}.Release|Any CPU.Build.0 = Release|Any CPU
		{39E1A180-E118-450C-B1D1-5CF8D18D1F04}.Debug|Any CPU.ActiveCfg = Debug|Any CPU
		{39E1A180-E118-450C-B1D1-5CF8D18D1F04}.Debug|Any CPU.Build.0 = Debug|Any CPU
		{39E1A180-E118-450C-B1D1-5CF8D18D1F04}.Release|Any CPU.ActiveCfg = Release|Any CPU
		{39E1A180-E118-450C-B1D1-5CF8D18D1F04}.Release|Any CPU.Build.0 = Release|Any CPU
		{527E9AEB-B3C9-41A1-8B62-3084E30C4F3B}.Debug|Any CPU.ActiveCfg = Debug|Any CPU
		{527E9AEB-B3C9-41A1-8B62-3084E30C4F3B}.Debug|Any CPU.Build.0 = Debug|Any CPU
		{527E9AEB-B3C9-41A1-8B62-3084E30C4F3B}.Release|Any CPU.ActiveCfg = Release|Any CPU
		{527E9AEB-B3C9-41A1-8B62-3084E30C4F3B}.Release|Any CPU.Build.0 = Release|Any CPU
		{CA153406-BDBF-4F58-B640-E781FCF6E393}.Debug|Any CPU.ActiveCfg = Debug|Any CPU
		{CA153406-BDBF-4F58-B640-E781FCF6E393}.Debug|Any CPU.Build.0 = Debug|Any CPU
		{CA153406-BDBF-4F58-B640-E781FCF6E393}.Release|Any CPU.ActiveCfg = Release|Any CPU
		{CA153406-BDBF-4F58-B640-E781FCF6E393}.Release|Any CPU.Build.0 = Release|Any CPU
		{64B23E19-B7EE-40E9-ABE3-8A1AE67E6D03}.Debug|Any CPU.ActiveCfg = Debug|Any CPU
		{64B23E19-B7EE-40E9-ABE3-8A1AE67E6D03}.Debug|Any CPU.Build.0 = Debug|Any CPU
		{64B23E19-B7EE-40E9-ABE3-8A1AE67E6D03}.Release|Any CPU.ActiveCfg = Release|Any CPU
		{64B23E19-B7EE-40E9-ABE3-8A1AE67E6D03}.Release|Any CPU.Build.0 = Release|Any CPU
		{A81BD132-EA41-4364-8DCD-8287FA326B4C}.Debug|Any CPU.ActiveCfg = Debug|Any CPU
		{A81BD132-EA41-4364-8DCD-8287FA326B4C}.Debug|Any CPU.Build.0 = Debug|Any CPU
		{A81BD132-EA41-4364-8DCD-8287FA326B4C}.Release|Any CPU.ActiveCfg = Release|Any CPU
		{A81BD132-EA41-4364-8DCD-8287FA326B4C}.Release|Any CPU.Build.0 = Release|Any CPU
		{88AEBF1D-296B-417D-B1F5-AE1404DBDFF0}.Debug|Any CPU.ActiveCfg = Debug|Any CPU
		{88AEBF1D-296B-417D-B1F5-AE1404DBDFF0}.Debug|Any CPU.Build.0 = Debug|Any CPU
		{88AEBF1D-296B-417D-B1F5-AE1404DBDFF0}.Release|Any CPU.ActiveCfg = Release|Any CPU
		{88AEBF1D-296B-417D-B1F5-AE1404DBDFF0}.Release|Any CPU.Build.0 = Release|Any CPU
		{527E527C-7D0A-4ACD-8090-A25406E30B03}.Debug|Any CPU.ActiveCfg = Debug|Any CPU
		{527E527C-7D0A-4ACD-8090-A25406E30B03}.Debug|Any CPU.Build.0 = Debug|Any CPU
		{527E527C-7D0A-4ACD-8090-A25406E30B03}.Release|Any CPU.ActiveCfg = Release|Any CPU
		{527E527C-7D0A-4ACD-8090-A25406E30B03}.Release|Any CPU.Build.0 = Release|Any CPU
		{4C461BA2-0997-45C8-B7FA-EA42DBC4D957}.Debug|Any CPU.ActiveCfg = Debug|Any CPU
		{4C461BA2-0997-45C8-B7FA-EA42DBC4D957}.Debug|Any CPU.Build.0 = Debug|Any CPU
		{4C461BA2-0997-45C8-B7FA-EA42DBC4D957}.Release|Any CPU.ActiveCfg = Release|Any CPU
		{4C461BA2-0997-45C8-B7FA-EA42DBC4D957}.Release|Any CPU.Build.0 = Release|Any CPU
		{0E43D725-E9B8-4D5C-A483-A159A52F3432}.Debug|Any CPU.ActiveCfg = Debug|Any CPU
		{0E43D725-E9B8-4D5C-A483-A159A52F3432}.Debug|Any CPU.Build.0 = Debug|Any CPU
		{0E43D725-E9B8-4D5C-A483-A159A52F3432}.Release|Any CPU.ActiveCfg = Release|Any CPU
		{0E43D725-E9B8-4D5C-A483-A159A52F3432}.Release|Any CPU.Build.0 = Release|Any CPU
		{B00991EC-27EB-4EFD-8657-2E1C1633761B}.Debug|Any CPU.ActiveCfg = Debug|Any CPU
		{B00991EC-27EB-4EFD-8657-2E1C1633761B}.Debug|Any CPU.Build.0 = Debug|Any CPU
		{B00991EC-27EB-4EFD-8657-2E1C1633761B}.Release|Any CPU.ActiveCfg = Release|Any CPU
		{B00991EC-27EB-4EFD-8657-2E1C1633761B}.Release|Any CPU.Build.0 = Release|Any CPU
		{E427D7A7-F453-47B5-B55B-317CB41CD504}.Debug|Any CPU.ActiveCfg = Debug|Any CPU
		{E427D7A7-F453-47B5-B55B-317CB41CD504}.Debug|Any CPU.Build.0 = Debug|Any CPU
		{E427D7A7-F453-47B5-B55B-317CB41CD504}.Release|Any CPU.ActiveCfg = Release|Any CPU
		{E427D7A7-F453-47B5-B55B-317CB41CD504}.Release|Any CPU.Build.0 = Release|Any CPU
		{1666DDF5-592C-41FF-BD06-8B99D2606FD1}.Debug|Any CPU.ActiveCfg = Debug|Any CPU
		{1666DDF5-592C-41FF-BD06-8B99D2606FD1}.Debug|Any CPU.Build.0 = Debug|Any CPU
		{1666DDF5-592C-41FF-BD06-8B99D2606FD1}.Release|Any CPU.ActiveCfg = Release|Any CPU
		{1666DDF5-592C-41FF-BD06-8B99D2606FD1}.Release|Any CPU.Build.0 = Release|Any CPU
	EndGlobalSection
	GlobalSection(NestedProjects) = preSolution
		{BA815BAC-DB9B-486E-8A12-ABA1222B35AD} = {BD58A0B2-0F5A-40C4-A8CD-EDEA9F356CA5}
		{3E7EC1A6-EBD6-45FE-B491-923BF114E709} = {BA815BAC-DB9B-486E-8A12-ABA1222B35AD}
		{F483E6CE-D036-4D6A-A1DF-BC2D1D7564D0} = {BA815BAC-DB9B-486E-8A12-ABA1222B35AD}
		{7F70E81A-8493-4509-93C4-1E8FE79B4634} = {BA815BAC-DB9B-486E-8A12-ABA1222B35AD}
		{BAA5FAFB-CB4D-4CCF-833A-362CBC13F7B2} = {BA815BAC-DB9B-486E-8A12-ABA1222B35AD}
		{39E1A180-E118-450C-B1D1-5CF8D18D1F04} = {BA815BAC-DB9B-486E-8A12-ABA1222B35AD}
		{D25B7AEA-6097-4EA4-A3F5-37D524BBAF32} = {A8650AE2-2E57-4B41-A545-5BF32CEFACA8}
		{D4A67C29-8A4F-446A-8B88-3306EE1D1AAD} = {D25B7AEA-6097-4EA4-A3F5-37D524BBAF32}
		{527E9AEB-B3C9-41A1-8B62-3084E30C4F3B} = {D4A67C29-8A4F-446A-8B88-3306EE1D1AAD}
		{2FFE0DE9-5115-43BB-B6F2-6BA4670E892B} = {A8650AE2-2E57-4B41-A545-5BF32CEFACA8}
		{09372615-718E-4F1D-B5D0-8F56194811B1} = {2FFE0DE9-5115-43BB-B6F2-6BA4670E892B}
		{CA153406-BDBF-4F58-B640-E781FCF6E393} = {09372615-718E-4F1D-B5D0-8F56194811B1}
		{088522E0-8B04-4211-A8AE-8FD1CBC6689D} = {A8650AE2-2E57-4B41-A545-5BF32CEFACA8}
		{1ED4215B-DFEB-48C2-A8F5-E07AAD657614} = {088522E0-8B04-4211-A8AE-8FD1CBC6689D}
		{64B23E19-B7EE-40E9-ABE3-8A1AE67E6D03} = {1ED4215B-DFEB-48C2-A8F5-E07AAD657614}
		{A81BD132-EA41-4364-8DCD-8287FA326B4C} = {9D383232-54C6-416C-B9EA-D59EAE332638}
		{88AEBF1D-296B-417D-B1F5-AE1404DBDFF0} = {9D383232-54C6-416C-B9EA-D59EAE332638}
		{027041A4-8C6F-4F12-AA3E-BCE5FCA4540C} = {D4A67C29-8A4F-446A-8B88-3306EE1D1AAD}
		{527E527C-7D0A-4ACD-8090-A25406E30B03} = {D4A67C29-8A4F-446A-8B88-3306EE1D1AAD}
		{7BED0448-7282-4186-BEA8-82F7F0563299} = {BD58A0B2-0F5A-40C4-A8CD-EDEA9F356CA5}
		{4C461BA2-0997-45C8-B7FA-EA42DBC4D957} = {7BED0448-7282-4186-BEA8-82F7F0563299}
		{A4CA6B24-EC90-4B56-AA55-2CB4FDBB50B2} = {A8650AE2-2E57-4B41-A545-5BF32CEFACA8}
		{570D2E86-9C56-4C1D-B2B1-EEE90344B279} = {A4CA6B24-EC90-4B56-AA55-2CB4FDBB50B2}
		{0E43D725-E9B8-4D5C-A483-A159A52F3432} = {570D2E86-9C56-4C1D-B2B1-EEE90344B279}
		{B00991EC-27EB-4EFD-8657-2E1C1633761B} = {570D2E86-9C56-4C1D-B2B1-EEE90344B279}
		{E427D7A7-F453-47B5-B55B-317CB41CD504} = {9D383232-54C6-416C-B9EA-D59EAE332638}
		{1666DDF5-592C-41FF-BD06-8B99D2606FD1} = {9D383232-54C6-416C-B9EA-D59EAE332638}
	EndGlobalSection
EndGlobal
