
Microsoft Visual Studio Solution File, Format Version 12.00
# Visual Studio Version 17
VisualStudioVersion = 17.0.31903.59
MinimumVisualStudioVersion = 10.0.40219.1
Project("{2150E333-8FDC-42A3-9474-1A3956D46DE8}") = "src", "src", "{EDD39A85-CD11-4469-A8AB-0364DC3232D4}"
EndProject
Project("{FAE04EC0-301F-11D3-BF4B-00C04F79EFBC}") = "Sienar.Architecture.EntityFramework", "src\Sienar.Architecture.EntityFramework\Sienar.Architecture.EntityFramework.csproj", "{111E852D-F9ED-4C3D-B869-3C9FA106D56F}"
EndProject
Project("{FAE04EC0-301F-11D3-BF4B-00C04F79EFBC}") = "Sienar.Architecture.Rest", "src\Sienar.Architecture.Rest\Sienar.Architecture.Rest.csproj", "{0296904D-BF88-44F1-AF24-B7916D34480A}"
EndProject
Project("{FAE04EC0-301F-11D3-BF4B-00C04F79EFBC}") = "Sienar.Architecture.Wasm", "src\Sienar.Architecture.Wasm\Sienar.Architecture.Wasm.csproj", "{15B06D32-BE23-46AC-B2F2-9136F4C8479F}"
EndProject
Project("{FAE04EC0-301F-11D3-BF4B-00C04F79EFBC}") = "Sienar.Architecture.Web", "src\Sienar.Architecture.Web\Sienar.Architecture.Web.csproj", "{6ABAE5A9-8150-4FC9-9BE8-083B1AA42242}"
EndProject
Project("{FAE04EC0-301F-11D3-BF4B-00C04F79EFBC}") = "Sienar.Utils.Sqlite", "src\Sienar.Utils.Sqlite\Sienar.Utils.Sqlite.csproj", "{64832002-8E32-49C9-B9E4-881C0C0F02C3}"
EndProject
Project("{FAE04EC0-301F-11D3-BF4B-00C04F79EFBC}") = "Sienar.Ui", "src\Sienar.Ui\Sienar.Ui.csproj", "{F6889155-145C-4B5A-9E77-1FD13F49152D}"
EndProject
Project("{FAE04EC0-301F-11D3-BF4B-00C04F79EFBC}") = "Sienar.Utils", "src\Sienar.Utils\Sienar.Utils.csproj", "{34E638B7-75AA-4DD5-9352-A2A71B22742D}"
EndProject
Project("{2150E333-8FDC-42A3-9474-1A3956D46DE8}") = "tests", "tests", "{8AC40D48-6700-4A77-88D4-1D1205EC1B62}"
EndProject
Project("{FAE04EC0-301F-11D3-BF4B-00C04F79EFBC}") = "Sienar.Utils.Tests", "tests\Sienar.Utils.Tests\Sienar.Utils.Tests.csproj", "{2BFB33DC-7800-44E6-B1E8-4A16F82B2158}"
EndProject
Project("{2150E333-8FDC-42A3-9474-1A3956D46DE8}") = "playground", "playground", "{AECA84A1-073B-49F3-A5FB-0218436826FB}"
EndProject
Project("{FAE04EC0-301F-11D3-BF4B-00C04F79EFBC}") = "TestProject.Data", "playground\TestProject.Data\TestProject.Data.csproj", "{288EEDA5-EC96-45F3-896B-067F5019C32A}"
EndProject
Project("{FAE04EC0-301F-11D3-BF4B-00C04F79EFBC}") = "TestProject.Server", "playground\TestProject.Server\TestProject.Server.csproj", "{32707482-95B4-4FD9-A08C-7783368C1F56}"
EndProject
Project("{FAE04EC0-301F-11D3-BF4B-00C04F79EFBC}") = "TestProject.Client.Wasm", "playground\TestProject.Client.Wasm\TestProject.Client.Wasm.csproj", "{CD59A1F1-CB14-4B83-99C2-24D8BC4629DE}"
EndProject
Project("{2150E333-8FDC-42A3-9474-1A3956D46DE8}") = "plugins", "plugins", "{01DBB80A-3191-4D30-93E5-350E1C46E70C}"
EndProject
Project("{2150E333-8FDC-42A3-9474-1A3956D46DE8}") = "email", "email", "{0C718A9F-ED39-4B9A-9D05-35FE371F954B}"
EndProject
Project("{2150E333-8FDC-42A3-9474-1A3956D46DE8}") = "src", "src", "{54399205-6828-4580-A233-B89EEE9F513C}"
EndProject
Project("{FAE04EC0-301F-11D3-BF4B-00C04F79EFBC}") = "Sienar.Plugins.MailKit", "plugins\email\src\Sienar.Plugins.MailKit\Sienar.Plugins.MailKit.csproj", "{BDC43676-8F1B-4EF1-8492-248C7EECC3EF}"
EndProject
Project("{2150E333-8FDC-42A3-9474-1A3956D46DE8}") = "core", "core", "{AF8E8EEF-ED6D-4B46-BE1D-B32907AD3D00}"
EndProject
Project("{2150E333-8FDC-42A3-9474-1A3956D46DE8}") = "src", "src", "{CE96BC54-D099-4B3A-9CAB-DBB804630064}"
EndProject
Project("{FAE04EC0-301F-11D3-BF4B-00C04F79EFBC}") = "Sienar.Plugins.Core.Shared", "plugins\core\src\Sienar.Plugins.Core.Shared\Sienar.Plugins.Core.Shared.csproj", "{60BE6AF7-9640-4159-B668-FE727E85C36A}"
EndProject
Project("{FAE04EC0-301F-11D3-BF4B-00C04F79EFBC}") = "Sienar.Plugins.Core.Client", "plugins\core\src\Sienar.Plugins.Core.Client\Sienar.Plugins.Core.Client.csproj", "{D15F5CB8-A135-4D77-A803-D217AF8AA3C3}"
EndProject
Project("{FAE04EC0-301F-11D3-BF4B-00C04F79EFBC}") = "Sienar.Plugins.Core.Server", "plugins\core\src\Sienar.Plugins.Core.Server\Sienar.Plugins.Core.Server.csproj", "{78B2FF0C-1515-46CD-97DD-79C6EADAA7EC}"
EndProject
Project("{FAE04EC0-301F-11D3-BF4B-00C04F79EFBC}") = "Sienar.Plugin.Cms.EntityFramework", "plugins\core\src\Sienar.Plugin.Cms.EntityFramework\Sienar.Plugin.Cms.EntityFramework.csproj", "{8B03B389-E8B7-4528-9D8B-254CB6D1F8CB}"
EndProject
Global
	GlobalSection(SolutionConfigurationPlatforms) = preSolution
		Debug|Any CPU = Debug|Any CPU
		Release|Any CPU = Release|Any CPU
	EndGlobalSection
	GlobalSection(SolutionProperties) = preSolution
		HideSolutionNode = FALSE
	EndGlobalSection
	GlobalSection(ProjectConfigurationPlatforms) = postSolution
		{111E852D-F9ED-4C3D-B869-3C9FA106D56F}.Debug|Any CPU.ActiveCfg = Debug|Any CPU
		{111E852D-F9ED-4C3D-B869-3C9FA106D56F}.Debug|Any CPU.Build.0 = Debug|Any CPU
		{111E852D-F9ED-4C3D-B869-3C9FA106D56F}.Release|Any CPU.ActiveCfg = Release|Any CPU
		{111E852D-F9ED-4C3D-B869-3C9FA106D56F}.Release|Any CPU.Build.0 = Release|Any CPU
		{0296904D-BF88-44F1-AF24-B7916D34480A}.Debug|Any CPU.ActiveCfg = Debug|Any CPU
		{0296904D-BF88-44F1-AF24-B7916D34480A}.Debug|Any CPU.Build.0 = Debug|Any CPU
		{0296904D-BF88-44F1-AF24-B7916D34480A}.Release|Any CPU.ActiveCfg = Release|Any CPU
		{0296904D-BF88-44F1-AF24-B7916D34480A}.Release|Any CPU.Build.0 = Release|Any CPU
		{15B06D32-BE23-46AC-B2F2-9136F4C8479F}.Debug|Any CPU.ActiveCfg = Debug|Any CPU
		{15B06D32-BE23-46AC-B2F2-9136F4C8479F}.Debug|Any CPU.Build.0 = Debug|Any CPU
		{15B06D32-BE23-46AC-B2F2-9136F4C8479F}.Release|Any CPU.ActiveCfg = Release|Any CPU
		{15B06D32-BE23-46AC-B2F2-9136F4C8479F}.Release|Any CPU.Build.0 = Release|Any CPU
		{6ABAE5A9-8150-4FC9-9BE8-083B1AA42242}.Debug|Any CPU.ActiveCfg = Debug|Any CPU
		{6ABAE5A9-8150-4FC9-9BE8-083B1AA42242}.Debug|Any CPU.Build.0 = Debug|Any CPU
		{6ABAE5A9-8150-4FC9-9BE8-083B1AA42242}.Release|Any CPU.ActiveCfg = Release|Any CPU
		{6ABAE5A9-8150-4FC9-9BE8-083B1AA42242}.Release|Any CPU.Build.0 = Release|Any CPU
		{64832002-8E32-49C9-B9E4-881C0C0F02C3}.Debug|Any CPU.ActiveCfg = Debug|Any CPU
		{64832002-8E32-49C9-B9E4-881C0C0F02C3}.Debug|Any CPU.Build.0 = Debug|Any CPU
		{64832002-8E32-49C9-B9E4-881C0C0F02C3}.Release|Any CPU.ActiveCfg = Release|Any CPU
		{64832002-8E32-49C9-B9E4-881C0C0F02C3}.Release|Any CPU.Build.0 = Release|Any CPU
		{F6889155-145C-4B5A-9E77-1FD13F49152D}.Debug|Any CPU.ActiveCfg = Debug|Any CPU
		{F6889155-145C-4B5A-9E77-1FD13F49152D}.Debug|Any CPU.Build.0 = Debug|Any CPU
		{F6889155-145C-4B5A-9E77-1FD13F49152D}.Release|Any CPU.ActiveCfg = Release|Any CPU
		{F6889155-145C-4B5A-9E77-1FD13F49152D}.Release|Any CPU.Build.0 = Release|Any CPU
		{34E638B7-75AA-4DD5-9352-A2A71B22742D}.Debug|Any CPU.ActiveCfg = Debug|Any CPU
		{34E638B7-75AA-4DD5-9352-A2A71B22742D}.Debug|Any CPU.Build.0 = Debug|Any CPU
		{34E638B7-75AA-4DD5-9352-A2A71B22742D}.Release|Any CPU.ActiveCfg = Release|Any CPU
		{34E638B7-75AA-4DD5-9352-A2A71B22742D}.Release|Any CPU.Build.0 = Release|Any CPU
		{2BFB33DC-7800-44E6-B1E8-4A16F82B2158}.Debug|Any CPU.ActiveCfg = Debug|Any CPU
		{2BFB33DC-7800-44E6-B1E8-4A16F82B2158}.Debug|Any CPU.Build.0 = Debug|Any CPU
		{2BFB33DC-7800-44E6-B1E8-4A16F82B2158}.Release|Any CPU.ActiveCfg = Release|Any CPU
		{2BFB33DC-7800-44E6-B1E8-4A16F82B2158}.Release|Any CPU.Build.0 = Release|Any CPU
		{288EEDA5-EC96-45F3-896B-067F5019C32A}.Debug|Any CPU.ActiveCfg = Debug|Any CPU
		{288EEDA5-EC96-45F3-896B-067F5019C32A}.Debug|Any CPU.Build.0 = Debug|Any CPU
		{288EEDA5-EC96-45F3-896B-067F5019C32A}.Release|Any CPU.ActiveCfg = Release|Any CPU
		{288EEDA5-EC96-45F3-896B-067F5019C32A}.Release|Any CPU.Build.0 = Release|Any CPU
		{32707482-95B4-4FD9-A08C-7783368C1F56}.Debug|Any CPU.ActiveCfg = Debug|Any CPU
		{32707482-95B4-4FD9-A08C-7783368C1F56}.Debug|Any CPU.Build.0 = Debug|Any CPU
		{32707482-95B4-4FD9-A08C-7783368C1F56}.Release|Any CPU.ActiveCfg = Release|Any CPU
		{32707482-95B4-4FD9-A08C-7783368C1F56}.Release|Any CPU.Build.0 = Release|Any CPU
		{CD59A1F1-CB14-4B83-99C2-24D8BC4629DE}.Debug|Any CPU.ActiveCfg = Debug|Any CPU
		{CD59A1F1-CB14-4B83-99C2-24D8BC4629DE}.Debug|Any CPU.Build.0 = Debug|Any CPU
		{CD59A1F1-CB14-4B83-99C2-24D8BC4629DE}.Release|Any CPU.ActiveCfg = Release|Any CPU
		{CD59A1F1-CB14-4B83-99C2-24D8BC4629DE}.Release|Any CPU.Build.0 = Release|Any CPU
		{BDC43676-8F1B-4EF1-8492-248C7EECC3EF}.Debug|Any CPU.ActiveCfg = Debug|Any CPU
		{BDC43676-8F1B-4EF1-8492-248C7EECC3EF}.Debug|Any CPU.Build.0 = Debug|Any CPU
		{BDC43676-8F1B-4EF1-8492-248C7EECC3EF}.Release|Any CPU.ActiveCfg = Release|Any CPU
		{BDC43676-8F1B-4EF1-8492-248C7EECC3EF}.Release|Any CPU.Build.0 = Release|Any CPU
		{60BE6AF7-9640-4159-B668-FE727E85C36A}.Debug|Any CPU.ActiveCfg = Debug|Any CPU
		{60BE6AF7-9640-4159-B668-FE727E85C36A}.Debug|Any CPU.Build.0 = Debug|Any CPU
		{60BE6AF7-9640-4159-B668-FE727E85C36A}.Release|Any CPU.ActiveCfg = Release|Any CPU
		{60BE6AF7-9640-4159-B668-FE727E85C36A}.Release|Any CPU.Build.0 = Release|Any CPU
		{D15F5CB8-A135-4D77-A803-D217AF8AA3C3}.Debug|Any CPU.ActiveCfg = Debug|Any CPU
		{D15F5CB8-A135-4D77-A803-D217AF8AA3C3}.Debug|Any CPU.Build.0 = Debug|Any CPU
		{D15F5CB8-A135-4D77-A803-D217AF8AA3C3}.Release|Any CPU.ActiveCfg = Release|Any CPU
		{D15F5CB8-A135-4D77-A803-D217AF8AA3C3}.Release|Any CPU.Build.0 = Release|Any CPU
		{78B2FF0C-1515-46CD-97DD-79C6EADAA7EC}.Debug|Any CPU.ActiveCfg = Debug|Any CPU
		{78B2FF0C-1515-46CD-97DD-79C6EADAA7EC}.Debug|Any CPU.Build.0 = Debug|Any CPU
		{78B2FF0C-1515-46CD-97DD-79C6EADAA7EC}.Release|Any CPU.ActiveCfg = Release|Any CPU
		{78B2FF0C-1515-46CD-97DD-79C6EADAA7EC}.Release|Any CPU.Build.0 = Release|Any CPU
		{8B03B389-E8B7-4528-9D8B-254CB6D1F8CB}.Debug|Any CPU.ActiveCfg = Debug|Any CPU
		{8B03B389-E8B7-4528-9D8B-254CB6D1F8CB}.Debug|Any CPU.Build.0 = Debug|Any CPU
		{8B03B389-E8B7-4528-9D8B-254CB6D1F8CB}.Release|Any CPU.ActiveCfg = Release|Any CPU
		{8B03B389-E8B7-4528-9D8B-254CB6D1F8CB}.Release|Any CPU.Build.0 = Release|Any CPU
	EndGlobalSection
	GlobalSection(NestedProjects) = preSolution
		{111E852D-F9ED-4C3D-B869-3C9FA106D56F} = {EDD39A85-CD11-4469-A8AB-0364DC3232D4}
		{0296904D-BF88-44F1-AF24-B7916D34480A} = {EDD39A85-CD11-4469-A8AB-0364DC3232D4}
		{15B06D32-BE23-46AC-B2F2-9136F4C8479F} = {EDD39A85-CD11-4469-A8AB-0364DC3232D4}
		{6ABAE5A9-8150-4FC9-9BE8-083B1AA42242} = {EDD39A85-CD11-4469-A8AB-0364DC3232D4}
		{30C573D1-4A83-4255-9387-B3CF75CDBCA9} = {EDD39A85-CD11-4469-A8AB-0364DC3232D4}
		{64832002-8E32-49C9-B9E4-881C0C0F02C3} = {EDD39A85-CD11-4469-A8AB-0364DC3232D4}
		{F6889155-145C-4B5A-9E77-1FD13F49152D} = {EDD39A85-CD11-4469-A8AB-0364DC3232D4}
		{34E638B7-75AA-4DD5-9352-A2A71B22742D} = {EDD39A85-CD11-4469-A8AB-0364DC3232D4}
		{2BFB33DC-7800-44E6-B1E8-4A16F82B2158} = {8AC40D48-6700-4A77-88D4-1D1205EC1B62}
		{288EEDA5-EC96-45F3-896B-067F5019C32A} = {AECA84A1-073B-49F3-A5FB-0218436826FB}
		{32707482-95B4-4FD9-A08C-7783368C1F56} = {AECA84A1-073B-49F3-A5FB-0218436826FB}
		{CD59A1F1-CB14-4B83-99C2-24D8BC4629DE} = {AECA84A1-073B-49F3-A5FB-0218436826FB}
		{0C718A9F-ED39-4B9A-9D05-35FE371F954B} = {01DBB80A-3191-4D30-93E5-350E1C46E70C}
		{54399205-6828-4580-A233-B89EEE9F513C} = {0C718A9F-ED39-4B9A-9D05-35FE371F954B}
		{BDC43676-8F1B-4EF1-8492-248C7EECC3EF} = {54399205-6828-4580-A233-B89EEE9F513C}
		{AF8E8EEF-ED6D-4B46-BE1D-B32907AD3D00} = {01DBB80A-3191-4D30-93E5-350E1C46E70C}
		{CE96BC54-D099-4B3A-9CAB-DBB804630064} = {AF8E8EEF-ED6D-4B46-BE1D-B32907AD3D00}
		{60BE6AF7-9640-4159-B668-FE727E85C36A} = {CE96BC54-D099-4B3A-9CAB-DBB804630064}
		{D15F5CB8-A135-4D77-A803-D217AF8AA3C3} = {CE96BC54-D099-4B3A-9CAB-DBB804630064}
		{78B2FF0C-1515-46CD-97DD-79C6EADAA7EC} = {CE96BC54-D099-4B3A-9CAB-DBB804630064}
		{8B03B389-E8B7-4528-9D8B-254CB6D1F8CB} = {CE96BC54-D099-4B3A-9CAB-DBB804630064}
	EndGlobalSection
EndGlobal
