
Microsoft Visual Studio Solution File, Format Version 12.00
# Visual Studio Version 17
VisualStudioVersion = 17.0.31903.59
MinimumVisualStudioVersion = 10.0.40219.1
Project("{2150E333-8FDC-42A3-9474-1A3956D46DE8}") = "src", "src", "{77DB66F3-F1ED-43CB-93DA-1E876B44ABA7}"
EndProject
Project("{FAE04EC0-301F-11D3-BF4B-00C04F79EFBC}") = "Sienar.Core", "src\Sienar.Core\Sienar.Core.csproj", "{52A79843-D9E0-41D0-B28E-4DDA07B00EBE}"
EndProject
Project("{FAE04EC0-301F-11D3-BF4B-00C04F79EFBC}") = "Sienar.BlazorUtils", "src\Sienar.BlazorUtils\Sienar.BlazorUtils.csproj", "{2378FEF8-2224-44C6-8EAC-DBDD13D1767E}"
EndProject
Project("{FAE04EC0-301F-11D3-BF4B-00C04F79EFBC}") = "Sienar.Blazor", "src\Sienar.Blazor\Sienar.Blazor.csproj", "{89C317BB-02A9-4581-9204-B9E5405A71CD}"
EndProject
Project("{FAE04EC0-301F-11D3-BF4B-00C04F79EFBC}") = "Sienar.DesktopUtils", "src\Sienar.DesktopUtils\Sienar.DesktopUtils.csproj", "{DD9D28A5-7E97-43C5-B762-31D7E62B5A68}"
EndProject
Project("{FAE04EC0-301F-11D3-BF4B-00C04F79EFBC}") = "Sienar.MailKit", "src\Sienar.MailKit\Sienar.MailKit.csproj", "{21466D12-17B0-4CAB-BBDE-A0163C3FA717}"
EndProject
Project("{FAE04EC0-301F-11D3-BF4B-00C04F79EFBC}") = "Sienar.SqliteUtils", "src\Sienar.SqliteUtils\Sienar.SqliteUtils.csproj", "{E1A973CE-41DB-4BBA-AE86-6C3ED5739CD2}"
EndProject
Project("{2150E333-8FDC-42A3-9474-1A3956D46DE8}") = "SienarTests", "SienarTests", "{5239807A-4103-4944-ABCB-E6ED0BD07602}"
EndProject
Project("{FAE04EC0-301F-11D3-BF4B-00C04F79EFBC}") = "Project.Data", "SienarTests\Project.Data\Project.Data.csproj", "{E6FB60CA-E092-4FD0-95D5-13C6EB5DD2AE}"
EndProject
Project("{FAE04EC0-301F-11D3-BF4B-00C04F79EFBC}") = "Project.App", "SienarTests\Project.App\Project.App.csproj", "{ABE750F6-26FE-4778-8EB6-82B58A286CBA}"
EndProject
Project("{FAE04EC0-301F-11D3-BF4B-00C04F79EFBC}") = "Sienar.Cms", "src\Sienar.Cms\Sienar.Cms.csproj", "{D47F66C5-1043-4586-BB18-4C7B9D3E05A8}"
EndProject
Project("{FAE04EC0-301F-11D3-BF4B-00C04F79EFBC}") = "Sienar.BlazorServerUtils", "src\Sienar.BlazorServerUtils\Sienar.BlazorServerUtils.csproj", "{224A5DE9-FF3E-4B1E-BC3D-35D1E8927E8C}"
EndProject
Project("{2150E333-8FDC-42A3-9474-1A3956D46DE8}") = "docs", "docs", "{3EAFAB07-033E-4ABF-87B9-9B3C91D89637}"
EndProject
Project("{FAE04EC0-301F-11D3-BF4B-00C04F79EFBC}") = "Sienar.Docs", "docs\Sienar.Docs\Sienar.Docs.csproj", "{A0A58DE1-D87D-4D14-9418-23859EF5D969}"
EndProject
Project("{FAE04EC0-301F-11D3-BF4B-00C04F79EFBC}") = "Sienar.BlazorClientUtils", "src\Sienar.BlazorClientUtils\Sienar.BlazorClientUtils.csproj", "{0A73C7DF-F4E2-47E0-AC78-0A52E9B057CB}"
EndProject
Project("{FAE04EC0-301F-11D3-BF4B-00C04F79EFBC}") = "Sienar.Docs.Plugin", "docs\Sienar.Docs.Plugin\Sienar.Docs.Plugin.csproj", "{DD92CA7E-A94A-4776-95E7-53FBEE8C60F7}"
EndProject
Global
	GlobalSection(SolutionConfigurationPlatforms) = preSolution
		Debug|Any CPU = Debug|Any CPU
		Release|Any CPU = Release|Any CPU
	EndGlobalSection
	GlobalSection(SolutionProperties) = preSolution
		HideSolutionNode = FALSE
	EndGlobalSection
	GlobalSection(ProjectConfigurationPlatforms) = postSolution
		{52A79843-D9E0-41D0-B28E-4DDA07B00EBE}.Debug|Any CPU.ActiveCfg = Debug|Any CPU
		{52A79843-D9E0-41D0-B28E-4DDA07B00EBE}.Debug|Any CPU.Build.0 = Debug|Any CPU
		{52A79843-D9E0-41D0-B28E-4DDA07B00EBE}.Release|Any CPU.ActiveCfg = Release|Any CPU
		{52A79843-D9E0-41D0-B28E-4DDA07B00EBE}.Release|Any CPU.Build.0 = Release|Any CPU
		{2378FEF8-2224-44C6-8EAC-DBDD13D1767E}.Debug|Any CPU.ActiveCfg = Debug|Any CPU
		{2378FEF8-2224-44C6-8EAC-DBDD13D1767E}.Debug|Any CPU.Build.0 = Debug|Any CPU
		{2378FEF8-2224-44C6-8EAC-DBDD13D1767E}.Release|Any CPU.ActiveCfg = Release|Any CPU
		{2378FEF8-2224-44C6-8EAC-DBDD13D1767E}.Release|Any CPU.Build.0 = Release|Any CPU
		{89C317BB-02A9-4581-9204-B9E5405A71CD}.Debug|Any CPU.ActiveCfg = Debug|Any CPU
		{89C317BB-02A9-4581-9204-B9E5405A71CD}.Debug|Any CPU.Build.0 = Debug|Any CPU
		{89C317BB-02A9-4581-9204-B9E5405A71CD}.Release|Any CPU.ActiveCfg = Release|Any CPU
		{89C317BB-02A9-4581-9204-B9E5405A71CD}.Release|Any CPU.Build.0 = Release|Any CPU
		{DD9D28A5-7E97-43C5-B762-31D7E62B5A68}.Debug|Any CPU.ActiveCfg = Debug|Any CPU
		{DD9D28A5-7E97-43C5-B762-31D7E62B5A68}.Debug|Any CPU.Build.0 = Debug|Any CPU
		{DD9D28A5-7E97-43C5-B762-31D7E62B5A68}.Release|Any CPU.ActiveCfg = Release|Any CPU
		{DD9D28A5-7E97-43C5-B762-31D7E62B5A68}.Release|Any CPU.Build.0 = Release|Any CPU
		{21466D12-17B0-4CAB-BBDE-A0163C3FA717}.Debug|Any CPU.ActiveCfg = Debug|Any CPU
		{21466D12-17B0-4CAB-BBDE-A0163C3FA717}.Debug|Any CPU.Build.0 = Debug|Any CPU
		{21466D12-17B0-4CAB-BBDE-A0163C3FA717}.Release|Any CPU.ActiveCfg = Release|Any CPU
		{21466D12-17B0-4CAB-BBDE-A0163C3FA717}.Release|Any CPU.Build.0 = Release|Any CPU
		{E1A973CE-41DB-4BBA-AE86-6C3ED5739CD2}.Debug|Any CPU.ActiveCfg = Debug|Any CPU
		{E1A973CE-41DB-4BBA-AE86-6C3ED5739CD2}.Debug|Any CPU.Build.0 = Debug|Any CPU
		{E1A973CE-41DB-4BBA-AE86-6C3ED5739CD2}.Release|Any CPU.ActiveCfg = Release|Any CPU
		{E1A973CE-41DB-4BBA-AE86-6C3ED5739CD2}.Release|Any CPU.Build.0 = Release|Any CPU
		{E6FB60CA-E092-4FD0-95D5-13C6EB5DD2AE}.Debug|Any CPU.ActiveCfg = Debug|Any CPU
		{E6FB60CA-E092-4FD0-95D5-13C6EB5DD2AE}.Debug|Any CPU.Build.0 = Debug|Any CPU
		{E6FB60CA-E092-4FD0-95D5-13C6EB5DD2AE}.Release|Any CPU.ActiveCfg = Release|Any CPU
		{E6FB60CA-E092-4FD0-95D5-13C6EB5DD2AE}.Release|Any CPU.Build.0 = Release|Any CPU
		{ABE750F6-26FE-4778-8EB6-82B58A286CBA}.Debug|Any CPU.ActiveCfg = Debug|Any CPU
		{ABE750F6-26FE-4778-8EB6-82B58A286CBA}.Debug|Any CPU.Build.0 = Debug|Any CPU
		{ABE750F6-26FE-4778-8EB6-82B58A286CBA}.Release|Any CPU.ActiveCfg = Release|Any CPU
		{ABE750F6-26FE-4778-8EB6-82B58A286CBA}.Release|Any CPU.Build.0 = Release|Any CPU
		{D47F66C5-1043-4586-BB18-4C7B9D3E05A8}.Debug|Any CPU.ActiveCfg = Debug|Any CPU
		{D47F66C5-1043-4586-BB18-4C7B9D3E05A8}.Debug|Any CPU.Build.0 = Debug|Any CPU
		{D47F66C5-1043-4586-BB18-4C7B9D3E05A8}.Release|Any CPU.ActiveCfg = Release|Any CPU
		{D47F66C5-1043-4586-BB18-4C7B9D3E05A8}.Release|Any CPU.Build.0 = Release|Any CPU
		{224A5DE9-FF3E-4B1E-BC3D-35D1E8927E8C}.Debug|Any CPU.ActiveCfg = Debug|Any CPU
		{224A5DE9-FF3E-4B1E-BC3D-35D1E8927E8C}.Debug|Any CPU.Build.0 = Debug|Any CPU
		{224A5DE9-FF3E-4B1E-BC3D-35D1E8927E8C}.Release|Any CPU.ActiveCfg = Release|Any CPU
		{224A5DE9-FF3E-4B1E-BC3D-35D1E8927E8C}.Release|Any CPU.Build.0 = Release|Any CPU
		{A0A58DE1-D87D-4D14-9418-23859EF5D969}.Debug|Any CPU.ActiveCfg = Debug|Any CPU
		{A0A58DE1-D87D-4D14-9418-23859EF5D969}.Debug|Any CPU.Build.0 = Debug|Any CPU
		{A0A58DE1-D87D-4D14-9418-23859EF5D969}.Release|Any CPU.ActiveCfg = Release|Any CPU
		{A0A58DE1-D87D-4D14-9418-23859EF5D969}.Release|Any CPU.Build.0 = Release|Any CPU
		{0A73C7DF-F4E2-47E0-AC78-0A52E9B057CB}.Debug|Any CPU.ActiveCfg = Debug|Any CPU
		{0A73C7DF-F4E2-47E0-AC78-0A52E9B057CB}.Debug|Any CPU.Build.0 = Debug|Any CPU
		{0A73C7DF-F4E2-47E0-AC78-0A52E9B057CB}.Release|Any CPU.ActiveCfg = Release|Any CPU
		{0A73C7DF-F4E2-47E0-AC78-0A52E9B057CB}.Release|Any CPU.Build.0 = Release|Any CPU
		{DD92CA7E-A94A-4776-95E7-53FBEE8C60F7}.Debug|Any CPU.ActiveCfg = Debug|Any CPU
		{DD92CA7E-A94A-4776-95E7-53FBEE8C60F7}.Debug|Any CPU.Build.0 = Debug|Any CPU
		{DD92CA7E-A94A-4776-95E7-53FBEE8C60F7}.Release|Any CPU.ActiveCfg = Release|Any CPU
		{DD92CA7E-A94A-4776-95E7-53FBEE8C60F7}.Release|Any CPU.Build.0 = Release|Any CPU
	EndGlobalSection
	GlobalSection(NestedProjects) = preSolution
		{52A79843-D9E0-41D0-B28E-4DDA07B00EBE} = {77DB66F3-F1ED-43CB-93DA-1E876B44ABA7}
		{2378FEF8-2224-44C6-8EAC-DBDD13D1767E} = {77DB66F3-F1ED-43CB-93DA-1E876B44ABA7}
		{89C317BB-02A9-4581-9204-B9E5405A71CD} = {77DB66F3-F1ED-43CB-93DA-1E876B44ABA7}
		{DD9D28A5-7E97-43C5-B762-31D7E62B5A68} = {77DB66F3-F1ED-43CB-93DA-1E876B44ABA7}
		{21466D12-17B0-4CAB-BBDE-A0163C3FA717} = {77DB66F3-F1ED-43CB-93DA-1E876B44ABA7}
		{E1A973CE-41DB-4BBA-AE86-6C3ED5739CD2} = {77DB66F3-F1ED-43CB-93DA-1E876B44ABA7}
		{E6FB60CA-E092-4FD0-95D5-13C6EB5DD2AE} = {5239807A-4103-4944-ABCB-E6ED0BD07602}
		{ABE750F6-26FE-4778-8EB6-82B58A286CBA} = {5239807A-4103-4944-ABCB-E6ED0BD07602}
		{D47F66C5-1043-4586-BB18-4C7B9D3E05A8} = {77DB66F3-F1ED-43CB-93DA-1E876B44ABA7}
		{224A5DE9-FF3E-4B1E-BC3D-35D1E8927E8C} = {77DB66F3-F1ED-43CB-93DA-1E876B44ABA7}
		{A0A58DE1-D87D-4D14-9418-23859EF5D969} = {3EAFAB07-033E-4ABF-87B9-9B3C91D89637}
		{0A73C7DF-F4E2-47E0-AC78-0A52E9B057CB} = {77DB66F3-F1ED-43CB-93DA-1E876B44ABA7}
		{DD92CA7E-A94A-4776-95E7-53FBEE8C60F7} = {3EAFAB07-033E-4ABF-87B9-9B3C91D89637}
	EndGlobalSection
EndGlobal
