
Microsoft Visual Studio Solution File, Format Version 12.00
# Visual Studio Version 17
VisualStudioVersion = 17.0.31903.59
MinimumVisualStudioVersion = 10.0.40219.1
Project("{2150E333-8FDC-42A3-9474-1A3956D46DE8}") = "src", "src", "{921C56C9-BEC1-4F7F-93CC-EE8E9738D60E}"
EndProject
Project("{FAE04EC0-301F-11D3-BF4B-00C04F79EFBC}") = "Sienar.Plugin.MailKit", "src\Sienar.Plugin.MailKit\Sienar.Plugin.MailKit.csproj", "{F92C208B-C6E6-4DF4-A3D2-231740E3BF51}"
EndProject
Global
	GlobalSection(SolutionConfigurationPlatforms) = preSolution
		Debug|Any CPU = Debug|Any CPU
		Release|Any CPU = Release|Any CPU
	EndGlobalSection
	GlobalSection(SolutionProperties) = preSolution
		HideSolutionNode = FALSE
	EndGlobalSection
	GlobalSection(ProjectConfigurationPlatforms) = postSolution
		{F92C208B-C6E6-4DF4-A3D2-231740E3BF51}.Debug|Any CPU.ActiveCfg = Debug|Any CPU
		{F92C208B-C6E6-4DF4-A3D2-231740E3BF51}.Debug|Any CPU.Build.0 = Debug|Any CPU
		{F92C208B-C6E6-4DF4-A3D2-231740E3BF51}.Release|Any CPU.ActiveCfg = Release|Any CPU
		{F92C208B-C6E6-4DF4-A3D2-231740E3BF51}.Release|Any CPU.Build.0 = Release|Any CPU
	EndGlobalSection
	GlobalSection(NestedProjects) = preSolution
		{F92C208B-C6E6-4DF4-A3D2-231740E3BF51} = {921C56C9-BEC1-4F7F-93CC-EE8E9738D60E}
	EndGlobalSection
EndGlobal
