
Microsoft Visual Studio Solution File, Format Version 12.00
# Visual Studio Version 17
VisualStudioVersion = 17.0.31903.59
MinimumVisualStudioVersion = 10.0.40219.1
Project("{2150E333-8FDC-42A3-9474-1A3956D46DE8}") = "src", "src", "{E9E89BE2-30BE-4EB5-853E-7CB334FA7EE3}"
EndProject
Project("{FAE04EC0-301F-11D3-BF4B-00C04F79EFBC}") = "Sienar.Plugin.MauiApp", "src\Sienar.Plugin.MauiApp\Sienar.Plugin.MauiApp.csproj", "{2CC75C14-746F-4D8E-9BD4-E0FF91D94D09}"
EndProject
Global
	GlobalSection(SolutionConfigurationPlatforms) = preSolution
		Debug|Any CPU = Debug|Any CPU
		Release|Any CPU = Release|Any CPU
	EndGlobalSection
	GlobalSection(SolutionProperties) = preSolution
		HideSolutionNode = FALSE
	EndGlobalSection
	GlobalSection(ProjectConfigurationPlatforms) = postSolution
		{2CC75C14-746F-4D8E-9BD4-E0FF91D94D09}.Debug|Any CPU.ActiveCfg = Debug|Any CPU
		{2CC75C14-746F-4D8E-9BD4-E0FF91D94D09}.Debug|Any CPU.Build.0 = Debug|Any CPU
		{2CC75C14-746F-4D8E-9BD4-E0FF91D94D09}.Release|Any CPU.ActiveCfg = Release|Any CPU
		{2CC75C14-746F-4D8E-9BD4-E0FF91D94D09}.Release|Any CPU.Build.0 = Release|Any CPU
	EndGlobalSection
	GlobalSection(NestedProjects) = preSolution
		{2CC75C14-746F-4D8E-9BD4-E0FF91D94D09} = {E9E89BE2-30BE-4EB5-853E-7CB334FA7EE3}
	EndGlobalSection
EndGlobal
